
Microsoft Visual Studio Solution File, Format Version 12.00
# Visual Studio Version 17
VisualStudioVersion = 17.1.32328.378
MinimumVisualStudioVersion = 10.0.40219.1
Project("{2150E333-8FDC-42A3-9474-1A3956D46DE8}") = "src", "src", "{775CE31D-7293-49C4-B3A3-5658B26575AE}"
EndProject
Project("{2150E333-8FDC-42A3-9474-1A3956D46DE8}") = "ApiGateways", "ApiGateways", "{8A6928E1-7B06-4696-92CB-3D635E871995}"
EndProject
Project("{2150E333-8FDC-42A3-9474-1A3956D46DE8}") = "BuildingBlocks", "BuildingBlocks", "{3C2F0ADF-9458-491D-9EEE-0C1D14F565B7}"
EndProject
Project("{9A19103F-16F7-4668-BE54-9A1E7A4F7556}") = "Web.ApiGateway", "src\ApiGateways\Web.ApiGateway\Web.ApiGateway.csproj", "{C8D89967-B040-4C57-AB79-E13A76143D5A}"
EndProject
Project("{2150E333-8FDC-42A3-9474-1A3956D46DE8}") = "EventBus", "EventBus", "{B9397454-938C-4397-A4CF-41CE00713FF2}"
EndProject
Project("{9A19103F-16F7-4668-BE54-9A1E7A4F7556}") = "EventBus.Base", "src\BuildingBlocks\EventBus\EventBus.Base\EventBus.Base.csproj", "{A1E4C3EA-175A-478A-B54A-C24655937D87}"
EndProject
Project("{9A19103F-16F7-4668-BE54-9A1E7A4F7556}") = "EventBus.Factory", "src\BuildingBlocks\EventBus\EventBus.Factory\EventBus.Factory.csproj", "{8AAC2454-3391-4939-81A8-C9CE6409B2E8}"
EndProject
Project("{9A19103F-16F7-4668-BE54-9A1E7A4F7556}") = "EventBus.RabbitMQ", "src\BuildingBlocks\EventBus\EventBus.RabbitMQ\EventBus.RabbitMQ.csproj", "{E8DE1358-3D80-46DE-BEA8-D24FEDEEF41B}"
EndProject
Project("{2150E333-8FDC-42A3-9474-1A3956D46DE8}") = "Services", "Services", "{0C965C19-C575-4CD3-A778-1B5D15F11981}"
EndProject
Project("{9A19103F-16F7-4668-BE54-9A1E7A4F7556}") = "UserManagementService.Api", "src\Services\UserManagementService\UserManagementService.Api.csproj", "{B8D518EA-2894-47E5-8566-3DEA53E9B5C6}"
EndProject
Project("{9A19103F-16F7-4668-BE54-9A1E7A4F7556}") = "ToDoManagementService.Api", "src\Services\ToDoManagementService\ToDoManagementService.Api.csproj", "{8B88B22E-F757-4F9C-B931-C7A9A5276BA1}"
EndProject
Project("{9A19103F-16F7-4668-BE54-9A1E7A4F7556}") = "GroupManagementService.Api", "src\Services\GroupManagementService\GroupManagementService.Api.csproj", "{7EDD8D8C-0522-485F-9008-460EB7BC45BF}"
EndProject
Project("{2150E333-8FDC-42A3-9474-1A3956D46DE8}") = "SolutionItems", "SolutionItems", "{E01F9F5F-9524-4C63-A077-C66C3C3008D3}"
	ProjectSection(SolutionItems) = preProject
		Informations.txt = Informations.txt
	EndProjectSection
EndProject
Project("{2150E333-8FDC-42A3-9474-1A3956D46DE8}") = "GroupService", "GroupService", "{18CE9756-4BA0-4F1A-B410-DF33FBD01AD1}"
EndProject
Project("{2150E333-8FDC-42A3-9474-1A3956D46DE8}") = "TodoService", "TodoService", "{0B8BFF38-4623-4C2F-98AA-29B768FC0A5F}"
EndProject
Project("{2150E333-8FDC-42A3-9474-1A3956D46DE8}") = "UserService", "UserService", "{60E6355B-7109-471B-A480-B7B6AF47D230}"
EndProject
Project("{2150E333-8FDC-42A3-9474-1A3956D46DE8}") = "NotificationService", "NotificationService", "{A216B329-CFE2-48FE-AD86-47E347D2CC5E}"
EndProject
Project("{9A19103F-16F7-4668-BE54-9A1E7A4F7556}") = "NotificationService", "src\Services\NotificationService\NotificationService.csproj", "{0CCF4996-6FE9-474F-AB6D-F36C965EEDDE}"
EndProject
Project("{2150E333-8FDC-42A3-9474-1A3956D46DE8}") = "ApiCompositionService", "ApiCompositionService", "{11DCE535-6779-4117-A114-F5BEE188CE11}"
EndProject
Project("{9A19103F-16F7-4668-BE54-9A1E7A4F7556}") = "ApiCompositionService.Api", "src\Services\ApiCompositionService\ApiCompositionService.Api.csproj", "{44EAF77D-E5D0-490C-8246-19BA2322EB01}"
EndProject
Project("{E53339B2-1760-4266-BCC7-CA923CBCF16C}") = "docker-compose", "docker-compose.dcproj", "{A4DFE777-61C9-4C8F-B815-96873B1FD752}"
EndProject
Project("{2150E333-8FDC-42A3-9474-1A3956D46DE8}") = "test", "test", "{03B960C8-52AC-4963-B3A6-CA12D83A7CE5}"
EndProject
Project("{FAE04EC0-301F-11D3-BF4B-00C04F79EFBC}") = "UserService.Api.UnitTest", "test\UserService.Api.UnitTest\UserService.Api.UnitTest.csproj", "{3CF004BE-9A7F-449D-B2EC-2762DB9EA64E}"
EndProject
Global
	GlobalSection(SolutionConfigurationPlatforms) = preSolution
		Debug|Any CPU = Debug|Any CPU
		Debug|x64 = Debug|x64
		Release|Any CPU = Release|Any CPU
		Release|x64 = Release|x64
	EndGlobalSection
	GlobalSection(ProjectConfigurationPlatforms) = postSolution
		{C8D89967-B040-4C57-AB79-E13A76143D5A}.Debug|Any CPU.ActiveCfg = Debug|Any CPU
		{C8D89967-B040-4C57-AB79-E13A76143D5A}.Debug|Any CPU.Build.0 = Debug|Any CPU
		{C8D89967-B040-4C57-AB79-E13A76143D5A}.Debug|x64.ActiveCfg = Debug|Any CPU
		{C8D89967-B040-4C57-AB79-E13A76143D5A}.Debug|x64.Build.0 = Debug|Any CPU
		{C8D89967-B040-4C57-AB79-E13A76143D5A}.Release|Any CPU.ActiveCfg = Release|Any CPU
		{C8D89967-B040-4C57-AB79-E13A76143D5A}.Release|Any CPU.Build.0 = Release|Any CPU
		{C8D89967-B040-4C57-AB79-E13A76143D5A}.Release|x64.ActiveCfg = Release|Any CPU
		{C8D89967-B040-4C57-AB79-E13A76143D5A}.Release|x64.Build.0 = Release|Any CPU
		{A1E4C3EA-175A-478A-B54A-C24655937D87}.Debug|Any CPU.ActiveCfg = Debug|Any CPU
		{A1E4C3EA-175A-478A-B54A-C24655937D87}.Debug|Any CPU.Build.0 = Debug|Any CPU
		{A1E4C3EA-175A-478A-B54A-C24655937D87}.Debug|x64.ActiveCfg = Debug|Any CPU
		{A1E4C3EA-175A-478A-B54A-C24655937D87}.Debug|x64.Build.0 = Debug|Any CPU
		{A1E4C3EA-175A-478A-B54A-C24655937D87}.Release|Any CPU.ActiveCfg = Release|Any CPU
		{A1E4C3EA-175A-478A-B54A-C24655937D87}.Release|Any CPU.Build.0 = Release|Any CPU
		{A1E4C3EA-175A-478A-B54A-C24655937D87}.Release|x64.ActiveCfg = Release|Any CPU
		{A1E4C3EA-175A-478A-B54A-C24655937D87}.Release|x64.Build.0 = Release|Any CPU
		{8AAC2454-3391-4939-81A8-C9CE6409B2E8}.Debug|Any CPU.ActiveCfg = Debug|Any CPU
		{8AAC2454-3391-4939-81A8-C9CE6409B2E8}.Debug|Any CPU.Build.0 = Debug|Any CPU
		{8AAC2454-3391-4939-81A8-C9CE6409B2E8}.Debug|x64.ActiveCfg = Debug|Any CPU
		{8AAC2454-3391-4939-81A8-C9CE6409B2E8}.Debug|x64.Build.0 = Debug|Any CPU
		{8AAC2454-3391-4939-81A8-C9CE6409B2E8}.Release|Any CPU.ActiveCfg = Release|Any CPU
		{8AAC2454-3391-4939-81A8-C9CE6409B2E8}.Release|Any CPU.Build.0 = Release|Any CPU
		{8AAC2454-3391-4939-81A8-C9CE6409B2E8}.Release|x64.ActiveCfg = Release|Any CPU
		{8AAC2454-3391-4939-81A8-C9CE6409B2E8}.Release|x64.Build.0 = Release|Any CPU
		{E8DE1358-3D80-46DE-BEA8-D24FEDEEF41B}.Debug|Any CPU.ActiveCfg = Debug|Any CPU
		{E8DE1358-3D80-46DE-BEA8-D24FEDEEF41B}.Debug|Any CPU.Build.0 = Debug|Any CPU
		{E8DE1358-3D80-46DE-BEA8-D24FEDEEF41B}.Debug|x64.ActiveCfg = Debug|Any CPU
		{E8DE1358-3D80-46DE-BEA8-D24FEDEEF41B}.Debug|x64.Build.0 = Debug|Any CPU
		{E8DE1358-3D80-46DE-BEA8-D24FEDEEF41B}.Release|Any CPU.ActiveCfg = Release|Any CPU
		{E8DE1358-3D80-46DE-BEA8-D24FEDEEF41B}.Release|Any CPU.Build.0 = Release|Any CPU
		{E8DE1358-3D80-46DE-BEA8-D24FEDEEF41B}.Release|x64.ActiveCfg = Release|Any CPU
		{E8DE1358-3D80-46DE-BEA8-D24FEDEEF41B}.Release|x64.Build.0 = Release|Any CPU
		{B8D518EA-2894-47E5-8566-3DEA53E9B5C6}.Debug|Any CPU.ActiveCfg = Debug|Any CPU
		{B8D518EA-2894-47E5-8566-3DEA53E9B5C6}.Debug|Any CPU.Build.0 = Debug|Any CPU
		{B8D518EA-2894-47E5-8566-3DEA53E9B5C6}.Debug|x64.ActiveCfg = Debug|Any CPU
		{B8D518EA-2894-47E5-8566-3DEA53E9B5C6}.Debug|x64.Build.0 = Debug|Any CPU
		{B8D518EA-2894-47E5-8566-3DEA53E9B5C6}.Release|Any CPU.ActiveCfg = Release|Any CPU
		{B8D518EA-2894-47E5-8566-3DEA53E9B5C6}.Release|Any CPU.Build.0 = Release|Any CPU
		{B8D518EA-2894-47E5-8566-3DEA53E9B5C6}.Release|x64.ActiveCfg = Release|Any CPU
		{B8D518EA-2894-47E5-8566-3DEA53E9B5C6}.Release|x64.Build.0 = Release|Any CPU
		{8B88B22E-F757-4F9C-B931-C7A9A5276BA1}.Debug|Any CPU.ActiveCfg = Debug|Any CPU
		{8B88B22E-F757-4F9C-B931-C7A9A5276BA1}.Debug|Any CPU.Build.0 = Debug|Any CPU
		{8B88B22E-F757-4F9C-B931-C7A9A5276BA1}.Debug|x64.ActiveCfg = Debug|Any CPU
		{8B88B22E-F757-4F9C-B931-C7A9A5276BA1}.Debug|x64.Build.0 = Debug|Any CPU
		{8B88B22E-F757-4F9C-B931-C7A9A5276BA1}.Release|Any CPU.ActiveCfg = Release|Any CPU
		{8B88B22E-F757-4F9C-B931-C7A9A5276BA1}.Release|Any CPU.Build.0 = Release|Any CPU
		{8B88B22E-F757-4F9C-B931-C7A9A5276BA1}.Release|x64.ActiveCfg = Release|Any CPU
		{8B88B22E-F757-4F9C-B931-C7A9A5276BA1}.Release|x64.Build.0 = Release|Any CPU
		{7EDD8D8C-0522-485F-9008-460EB7BC45BF}.Debug|Any CPU.ActiveCfg = Debug|Any CPU
		{7EDD8D8C-0522-485F-9008-460EB7BC45BF}.Debug|Any CPU.Build.0 = Debug|Any CPU
		{7EDD8D8C-0522-485F-9008-460EB7BC45BF}.Debug|x64.ActiveCfg = Debug|Any CPU
		{7EDD8D8C-0522-485F-9008-460EB7BC45BF}.Debug|x64.Build.0 = Debug|Any CPU
		{7EDD8D8C-0522-485F-9008-460EB7BC45BF}.Release|Any CPU.ActiveCfg = Release|Any CPU
		{7EDD8D8C-0522-485F-9008-460EB7BC45BF}.Release|Any CPU.Build.0 = Release|Any CPU
		{7EDD8D8C-0522-485F-9008-460EB7BC45BF}.Release|x64.ActiveCfg = Release|Any CPU
		{7EDD8D8C-0522-485F-9008-460EB7BC45BF}.Release|x64.Build.0 = Release|Any CPU
		{0CCF4996-6FE9-474F-AB6D-F36C965EEDDE}.Debug|Any CPU.ActiveCfg = Debug|Any CPU
		{0CCF4996-6FE9-474F-AB6D-F36C965EEDDE}.Debug|Any CPU.Build.0 = Debug|Any CPU
		{0CCF4996-6FE9-474F-AB6D-F36C965EEDDE}.Debug|x64.ActiveCfg = Debug|Any CPU
		{0CCF4996-6FE9-474F-AB6D-F36C965EEDDE}.Debug|x64.Build.0 = Debug|Any CPU
		{0CCF4996-6FE9-474F-AB6D-F36C965EEDDE}.Release|Any CPU.ActiveCfg = Release|Any CPU
		{0CCF4996-6FE9-474F-AB6D-F36C965EEDDE}.Release|Any CPU.Build.0 = Release|Any CPU
		{0CCF4996-6FE9-474F-AB6D-F36C965EEDDE}.Release|x64.ActiveCfg = Release|Any CPU
		{0CCF4996-6FE9-474F-AB6D-F36C965EEDDE}.Release|x64.Build.0 = Release|Any CPU
		{44EAF77D-E5D0-490C-8246-19BA2322EB01}.Debug|Any CPU.ActiveCfg = Debug|Any CPU
		{44EAF77D-E5D0-490C-8246-19BA2322EB01}.Debug|Any CPU.Build.0 = Debug|Any CPU
		{44EAF77D-E5D0-490C-8246-19BA2322EB01}.Debug|x64.ActiveCfg = Debug|Any CPU
		{44EAF77D-E5D0-490C-8246-19BA2322EB01}.Debug|x64.Build.0 = Debug|Any CPU
		{44EAF77D-E5D0-490C-8246-19BA2322EB01}.Release|Any CPU.ActiveCfg = Release|Any CPU
		{44EAF77D-E5D0-490C-8246-19BA2322EB01}.Release|Any CPU.Build.0 = Release|Any CPU
		{44EAF77D-E5D0-490C-8246-19BA2322EB01}.Release|x64.ActiveCfg = Release|Any CPU
		{44EAF77D-E5D0-490C-8246-19BA2322EB01}.Release|x64.Build.0 = Release|Any CPU
		{A4DFE777-61C9-4C8F-B815-96873B1FD752}.Debug|Any CPU.ActiveCfg = Debug|Any CPU
		{A4DFE777-61C9-4C8F-B815-96873B1FD752}.Debug|Any CPU.Build.0 = Debug|Any CPU
		{A4DFE777-61C9-4C8F-B815-96873B1FD752}.Debug|x64.ActiveCfg = Debug|Any CPU
		{A4DFE777-61C9-4C8F-B815-96873B1FD752}.Debug|x64.Build.0 = Debug|Any CPU
		{A4DFE777-61C9-4C8F-B815-96873B1FD752}.Release|Any CPU.ActiveCfg = Release|Any CPU
		{A4DFE777-61C9-4C8F-B815-96873B1FD752}.Release|Any CPU.Build.0 = Release|Any CPU
		{A4DFE777-61C9-4C8F-B815-96873B1FD752}.Release|x64.ActiveCfg = Release|Any CPU
		{A4DFE777-61C9-4C8F-B815-96873B1FD752}.Release|x64.Build.0 = Release|Any CPU
		{3CF004BE-9A7F-449D-B2EC-2762DB9EA64E}.Debug|Any CPU.ActiveCfg = Debug|Any CPU
		{3CF004BE-9A7F-449D-B2EC-2762DB9EA64E}.Debug|Any CPU.Build.0 = Debug|Any CPU
		{3CF004BE-9A7F-449D-B2EC-2762DB9EA64E}.Debug|x64.ActiveCfg = Debug|Any CPU
		{3CF004BE-9A7F-449D-B2EC-2762DB9EA64E}.Debug|x64.Build.0 = Debug|Any CPU
		{3CF004BE-9A7F-449D-B2EC-2762DB9EA64E}.Release|Any CPU.ActiveCfg = Release|Any CPU
		{3CF004BE-9A7F-449D-B2EC-2762DB9EA64E}.Release|Any CPU.Build.0 = Release|Any CPU
		{3CF004BE-9A7F-449D-B2EC-2762DB9EA64E}.Release|x64.ActiveCfg = Release|Any CPU
		{3CF004BE-9A7F-449D-B2EC-2762DB9EA64E}.Release|x64.Build.0 = Release|Any CPU
	EndGlobalSection
	GlobalSection(SolutionProperties) = preSolution
		HideSolutionNode = FALSE
	EndGlobalSection
	GlobalSection(NestedProjects) = preSolution
		{8A6928E1-7B06-4696-92CB-3D635E871995} = {775CE31D-7293-49C4-B3A3-5658B26575AE}
		{3C2F0ADF-9458-491D-9EEE-0C1D14F565B7} = {775CE31D-7293-49C4-B3A3-5658B26575AE}
		{C8D89967-B040-4C57-AB79-E13A76143D5A} = {8A6928E1-7B06-4696-92CB-3D635E871995}
		{B9397454-938C-4397-A4CF-41CE00713FF2} = {3C2F0ADF-9458-491D-9EEE-0C1D14F565B7}
		{A1E4C3EA-175A-478A-B54A-C24655937D87} = {B9397454-938C-4397-A4CF-41CE00713FF2}
		{8AAC2454-3391-4939-81A8-C9CE6409B2E8} = {B9397454-938C-4397-A4CF-41CE00713FF2}
		{E8DE1358-3D80-46DE-BEA8-D24FEDEEF41B} = {B9397454-938C-4397-A4CF-41CE00713FF2}
		{0C965C19-C575-4CD3-A778-1B5D15F11981} = {775CE31D-7293-49C4-B3A3-5658B26575AE}
		{B8D518EA-2894-47E5-8566-3DEA53E9B5C6} = {60E6355B-7109-471B-A480-B7B6AF47D230}
		{8B88B22E-F757-4F9C-B931-C7A9A5276BA1} = {0B8BFF38-4623-4C2F-98AA-29B768FC0A5F}
		{7EDD8D8C-0522-485F-9008-460EB7BC45BF} = {18CE9756-4BA0-4F1A-B410-DF33FBD01AD1}
		{18CE9756-4BA0-4F1A-B410-DF33FBD01AD1} = {0C965C19-C575-4CD3-A778-1B5D15F11981}
		{0B8BFF38-4623-4C2F-98AA-29B768FC0A5F} = {0C965C19-C575-4CD3-A778-1B5D15F11981}
		{60E6355B-7109-471B-A480-B7B6AF47D230} = {0C965C19-C575-4CD3-A778-1B5D15F11981}
		{A216B329-CFE2-48FE-AD86-47E347D2CC5E} = {0C965C19-C575-4CD3-A778-1B5D15F11981}
		{0CCF4996-6FE9-474F-AB6D-F36C965EEDDE} = {A216B329-CFE2-48FE-AD86-47E347D2CC5E}
		{11DCE535-6779-4117-A114-F5BEE188CE11} = {0C965C19-C575-4CD3-A778-1B5D15F11981}
		{44EAF77D-E5D0-490C-8246-19BA2322EB01} = {11DCE535-6779-4117-A114-F5BEE188CE11}
		{3CF004BE-9A7F-449D-B2EC-2762DB9EA64E} = {03B960C8-52AC-4963-B3A6-CA12D83A7CE5}
	EndGlobalSection
	GlobalSection(ExtensibilityGlobals) = postSolution
		SolutionGuid = {06990577-F482-4A09-A714-5EF76606D3AE}
	EndGlobalSection
EndGlobal
